
Microsoft Visual Studio Solution File, Format Version 12.00
Project("{FAE04EC0-301F-11D3-BF4B-00C04F79EFBC}") = "ConsoleApp", "ConsoleApp\ConsoleApp.csproj", "{F8ACF2A6-D224-40BF-9A66-74C487FC4ACC}"
EndProject
Global
	GlobalSection(SolutionConfigurationPlatforms) = preSolution
		Debug|Any CPU = Debug|Any CPU
		Release|Any CPU = Release|Any CPU
	EndGlobalSection
	GlobalSection(ProjectConfigurationPlatforms) = postSolution
		{F8ACF2A6-D224-40BF-9A66-74C487FC4ACC}.Debug|Any CPU.ActiveCfg = Debug|Any CPU
		{F8ACF2A6-D224-40BF-9A66-74C487FC4ACC}.Debug|Any CPU.Build.0 = Debug|Any CPU
		{F8ACF2A6-D224-40BF-9A66-74C487FC4ACC}.Release|Any CPU.ActiveCfg = Release|Any CPU
		{F8ACF2A6-D224-40BF-9A66-74C487FC4ACC}.Release|Any CPU.Build.0 = Release|Any CPU
	EndGlobalSection
EndGlobal
